// !$*UTF8*$!
{
	archiveVersion = 1;
	classes = {
	};
	objectVersion = 56;
	objects = {

/* Begin PBXBuildFile section */
		101613282B487F5E00B69769 /* MovieTrackerApp.swift in Sources */ = {isa = PBXBuildFile; fileRef = 101613272B487F5E00B69769 /* MovieTrackerApp.swift */; };
		1016132A2B487F5E00B69769 /* ContentView.swift in Sources */ = {isa = PBXBuildFile; fileRef = 101613292B487F5E00B69769 /* ContentView.swift */; };
		1016132C2B487F5E00B69769 /* Assets.xcassets in Resources */ = {isa = PBXBuildFile; fileRef = 1016132B2B487F5E00B69769 /* Assets.xcassets */; };
		1016132F2B487F5E00B69769 /* Preview Assets.xcassets in Resources */ = {isa = PBXBuildFile; fileRef = 1016132E2B487F5E00B69769 /* Preview Assets.xcassets */; };
		10FC7B592B48856300D5247E /* PopularMoviesView.swift in Sources */ = {isa = PBXBuildFile; fileRef = 10FC7B582B48856300D5247E /* PopularMoviesView.swift */; };
		10FC7B5B2B48858500D5247E /* PopularPersonsView.swift in Sources */ = {isa = PBXBuildFile; fileRef = 10FC7B5A2B48858500D5247E /* PopularPersonsView.swift */; };
		10FC7B5D2B4885A700D5247E /* PopularTVSeriesView.swift in Sources */ = {isa = PBXBuildFile; fileRef = 10FC7B5C2B4885A700D5247E /* PopularTVSeriesView.swift */; };
		10FC7B5F2B4885C500D5247E /* MoviesInCinemaView.swift in Sources */ = {isa = PBXBuildFile; fileRef = 10FC7B5E2B4885C500D5247E /* MoviesInCinemaView.swift */; };
		10FC7B612B4885DF00D5247E /* TVSeriesOnAirView.swift in Sources */ = {isa = PBXBuildFile; fileRef = 10FC7B602B4885DF00D5247E /* TVSeriesOnAirView.swift */; };
		10FC7B632B48860B00D5247E /* Router.swift in Sources */ = {isa = PBXBuildFile; fileRef = 10FC7B622B48860B00D5247E /* Router.swift */; };
		10FC7B662B48861F00D5247E /* NetworkManager in Frameworks */ = {isa = PBXBuildFile; productRef = 10FC7B652B48861F00D5247E /* NetworkManager */; };
		A10693C52B488C92009E5843 /* PopularTVSeriesModel.swift in Sources */ = {isa = PBXBuildFile; fileRef = A10693C42B488C92009E5843 /* PopularTVSeriesModel.swift */; };
		A10693C72B488D39009E5843 /* PopularTVSeriesViewModel.swift in Sources */ = {isa = PBXBuildFile; fileRef = A10693C62B488D39009E5843 /* PopularTVSeriesViewModel.swift */; };
		A10693C92B489E8F009E5843 /* PopularTVSeriesGridItemComponentView.swift in Sources */ = {isa = PBXBuildFile; fileRef = A10693C82B489E8F009E5843 /* PopularTVSeriesGridItemComponentView.swift */; };
/* End PBXBuildFile section */

/* Begin PBXFileReference section */
		101613242B487F5E00B69769 /* MovieTracker.app */ = {isa = PBXFileReference; explicitFileType = wrapper.application; includeInIndex = 0; path = MovieTracker.app; sourceTree = BUILT_PRODUCTS_DIR; };
		101613272B487F5E00B69769 /* MovieTrackerApp.swift */ = {isa = PBXFileReference; lastKnownFileType = sourcecode.swift; path = MovieTrackerApp.swift; sourceTree = "<group>"; };
		101613292B487F5E00B69769 /* ContentView.swift */ = {isa = PBXFileReference; lastKnownFileType = sourcecode.swift; path = ContentView.swift; sourceTree = "<group>"; };
		1016132B2B487F5E00B69769 /* Assets.xcassets */ = {isa = PBXFileReference; lastKnownFileType = folder.assetcatalog; path = Assets.xcassets; sourceTree = "<group>"; };
		1016132E2B487F5E00B69769 /* Preview Assets.xcassets */ = {isa = PBXFileReference; lastKnownFileType = folder.assetcatalog; path = "Preview Assets.xcassets"; sourceTree = "<group>"; };
		10FC7B582B48856300D5247E /* PopularMoviesView.swift */ = {isa = PBXFileReference; lastKnownFileType = sourcecode.swift; path = PopularMoviesView.swift; sourceTree = "<group>"; };
		10FC7B5A2B48858500D5247E /* PopularPersonsView.swift */ = {isa = PBXFileReference; lastKnownFileType = sourcecode.swift; path = PopularPersonsView.swift; sourceTree = "<group>"; };
		10FC7B5C2B4885A700D5247E /* PopularTVSeriesView.swift */ = {isa = PBXFileReference; lastKnownFileType = sourcecode.swift; path = PopularTVSeriesView.swift; sourceTree = "<group>"; };
		10FC7B5E2B4885C500D5247E /* MoviesInCinemaView.swift */ = {isa = PBXFileReference; lastKnownFileType = sourcecode.swift; path = MoviesInCinemaView.swift; sourceTree = "<group>"; };
		10FC7B602B4885DF00D5247E /* TVSeriesOnAirView.swift */ = {isa = PBXFileReference; lastKnownFileType = sourcecode.swift; path = TVSeriesOnAirView.swift; sourceTree = "<group>"; };
		10FC7B622B48860B00D5247E /* Router.swift */ = {isa = PBXFileReference; lastKnownFileType = sourcecode.swift; path = Router.swift; sourceTree = "<group>"; };
		A10693C42B488C92009E5843 /* PopularTVSeriesModel.swift */ = {isa = PBXFileReference; lastKnownFileType = sourcecode.swift; path = PopularTVSeriesModel.swift; sourceTree = "<group>"; };
		A10693C62B488D39009E5843 /* PopularTVSeriesViewModel.swift */ = {isa = PBXFileReference; lastKnownFileType = sourcecode.swift; path = PopularTVSeriesViewModel.swift; sourceTree = "<group>"; };
		A10693C82B489E8F009E5843 /* PopularTVSeriesGridItemComponentView.swift */ = {isa = PBXFileReference; lastKnownFileType = sourcecode.swift; path = PopularTVSeriesGridItemComponentView.swift; sourceTree = "<group>"; };
/* End PBXFileReference section */

/* Begin PBXFrameworksBuildPhase section */
		101613212B487F5E00B69769 /* Frameworks */ = {
			isa = PBXFrameworksBuildPhase;
			buildActionMask = 2147483647;
			files = (
				10FC7B662B48861F00D5247E /* NetworkManager in Frameworks */,
			);
			runOnlyForDeploymentPostprocessing = 0;
		};
/* End PBXFrameworksBuildPhase section */

/* Begin PBXGroup section */
		1016131B2B487F5E00B69769 = {
			isa = PBXGroup;
			children = (
				101613262B487F5E00B69769 /* MovieTracker */,
				101613252B487F5E00B69769 /* Products */,
			);
			sourceTree = "<group>";
		};
		101613252B487F5E00B69769 /* Products */ = {
			isa = PBXGroup;
			children = (
				101613242B487F5E00B69769 /* MovieTracker.app */,
			);
			name = Products;
			sourceTree = "<group>";
		};
		101613262B487F5E00B69769 /* MovieTracker */ = {
			isa = PBXGroup;
			children = (
				1016133D2B4880C900B69769 /* App */,
				101613352B487FFD00B69769 /* Scenes */,
				1016133C2B4880B400B69769 /* Components */,
				1016133E2B4880D700B69769 /* Models */,
				1016133F2B4880EA00B69769 /* Extensions */,
				101613402B4880F700B69769 /* Navigation */,
				101613412B48810A00B69769 /* Helpers */,
				101613422B48811900B69769 /* Resources */,
				1016132D2B487F5E00B69769 /* Preview Content */,
			);
			path = MovieTracker;
			sourceTree = "<group>";
		};
		1016132D2B487F5E00B69769 /* Preview Content */ = {
			isa = PBXGroup;
			children = (
				1016132E2B487F5E00B69769 /* Preview Assets.xcassets */,
			);
			path = "Preview Content";
			sourceTree = "<group>";
		};
		101613352B487FFD00B69769 /* Scenes */ = {
			isa = PBXGroup;
			children = (
				1016133B2B48809400B69769 /* ContentView */,
				1016133A2B48808300B69769 /* PopularMoviesView */,
				101613392B48806E00B69769 /* PopularPersonsView */,
				101613382B48805C00B69769 /* PopularTVSeriesView */,
				101613372B48804500B69769 /* MoviesInCinemaView */,
				101613362B48803100B69769 /* TVSeriesOnAirView */,
			);
			path = Scenes;
			sourceTree = "<group>";
		};
		101613362B48803100B69769 /* TVSeriesOnAirView */ = {
			isa = PBXGroup;
			children = (
				10FC7B602B4885DF00D5247E /* TVSeriesOnAirView.swift */,
			);
			path = TVSeriesOnAirView;
			sourceTree = "<group>";
		};
		101613372B48804500B69769 /* MoviesInCinemaView */ = {
			isa = PBXGroup;
			children = (
				10FC7B5E2B4885C500D5247E /* MoviesInCinemaView.swift */,
			);
			path = MoviesInCinemaView;
			sourceTree = "<group>";
		};
		101613382B48805C00B69769 /* PopularTVSeriesView */ = {
			isa = PBXGroup;
			children = (
				10FC7B5C2B4885A700D5247E /* PopularTVSeriesView.swift */,
				A10693C62B488D39009E5843 /* PopularTVSeriesViewModel.swift */,
			);
			path = PopularTVSeriesView;
			sourceTree = "<group>";
		};
		101613392B48806E00B69769 /* PopularPersonsView */ = {
			isa = PBXGroup;
			children = (
				10FC7B5A2B48858500D5247E /* PopularPersonsView.swift */,
			);
			path = PopularPersonsView;
			sourceTree = "<group>";
		};
		1016133A2B48808300B69769 /* PopularMoviesView */ = {
			isa = PBXGroup;
			children = (
				10FC7B582B48856300D5247E /* PopularMoviesView.swift */,
			);
			path = PopularMoviesView;
			sourceTree = "<group>";
		};
		1016133B2B48809400B69769 /* ContentView */ = {
			isa = PBXGroup;
			children = (
				101613292B487F5E00B69769 /* ContentView.swift */,
			);
			path = ContentView;
			sourceTree = "<group>";
		};
		1016133C2B4880B400B69769 /* Components */ = {
			isa = PBXGroup;
			children = (
				A10693C82B489E8F009E5843 /* PopularTVSeriesGridItemComponentView.swift */,
			);
			path = Components;
			sourceTree = "<group>";
		};
		1016133D2B4880C900B69769 /* App */ = {
			isa = PBXGroup;
			children = (
				101613272B487F5E00B69769 /* MovieTrackerApp.swift */,
			);
			path = App;
			sourceTree = "<group>";
		};
		1016133E2B4880D700B69769 /* Models */ = {
			isa = PBXGroup;
			children = (
				A10693C42B488C92009E5843 /* PopularTVSeriesModel.swift */,
			);
			path = Models;
			sourceTree = "<group>";
		};
		1016133F2B4880EA00B69769 /* Extensions */ = {
			isa = PBXGroup;
			children = (
			);
			path = Extensions;
			sourceTree = "<group>";
		};
		101613402B4880F700B69769 /* Navigation */ = {
			isa = PBXGroup;
			children = (
				10FC7B622B48860B00D5247E /* Router.swift */,
			);
			path = Navigation;
			sourceTree = "<group>";
		};
		101613412B48810A00B69769 /* Helpers */ = {
			isa = PBXGroup;
			children = (
			);
			path = Helpers;
			sourceTree = "<group>";
		};
		101613422B48811900B69769 /* Resources */ = {
			isa = PBXGroup;
			children = (
				1016132B2B487F5E00B69769 /* Assets.xcassets */,
			);
			path = Resources;
			sourceTree = "<group>";
		};
/* End PBXGroup section */

/* Begin PBXNativeTarget section */
		101613232B487F5E00B69769 /* MovieTracker */ = {
			isa = PBXNativeTarget;
			buildConfigurationList = 101613322B487F5E00B69769 /* Build configuration list for PBXNativeTarget "MovieTracker" */;
			buildPhases = (
				101613202B487F5E00B69769 /* Sources */,
				101613212B487F5E00B69769 /* Frameworks */,
				101613222B487F5E00B69769 /* Resources */,
			);
			buildRules = (
			);
			dependencies = (
			);
			name = MovieTracker;
			packageProductDependencies = (
				10FC7B652B48861F00D5247E /* NetworkManager */,
			);
			productName = MovieTracker;
			productReference = 101613242B487F5E00B69769 /* MovieTracker.app */;
			productType = "com.apple.product-type.application";
		};
/* End PBXNativeTarget section */

/* Begin PBXProject section */
		1016131C2B487F5E00B69769 /* Project object */ = {
			isa = PBXProject;
			attributes = {
				BuildIndependentTargetsInParallel = 1;
				LastSwiftUpdateCheck = 1500;
				LastUpgradeCheck = 1500;
				TargetAttributes = {
					101613232B487F5E00B69769 = {
						CreatedOnToolsVersion = 15.0.1;
					};
				};
			};
			buildConfigurationList = 1016131F2B487F5E00B69769 /* Build configuration list for PBXProject "MovieTracker" */;
			compatibilityVersion = "Xcode 14.0";
			developmentRegion = en;
			hasScannedForEncodings = 0;
			knownRegions = (
				en,
				Base,
			);
			mainGroup = 1016131B2B487F5E00B69769;
			packageReferences = (
				10FC7B642B48861F00D5247E /* XCRemoteSwiftPackageReference "NetworkManager" */,
			);
			productRefGroup = 101613252B487F5E00B69769 /* Products */;
			projectDirPath = "";
			projectRoot = "";
			targets = (
				101613232B487F5E00B69769 /* MovieTracker */,
			);
		};
/* End PBXProject section */

/* Begin PBXResourcesBuildPhase section */
		101613222B487F5E00B69769 /* Resources */ = {
			isa = PBXResourcesBuildPhase;
			buildActionMask = 2147483647;
			files = (
				1016132F2B487F5E00B69769 /* Preview Assets.xcassets in Resources */,
				1016132C2B487F5E00B69769 /* Assets.xcassets in Resources */,
			);
			runOnlyForDeploymentPostprocessing = 0;
		};
/* End PBXResourcesBuildPhase section */

/* Begin PBXSourcesBuildPhase section */
		101613202B487F5E00B69769 /* Sources */ = {
			isa = PBXSourcesBuildPhase;
			buildActionMask = 2147483647;
			files = (
				10FC7B632B48860B00D5247E /* Router.swift in Sources */,
				1016132A2B487F5E00B69769 /* ContentView.swift in Sources */,
				101613282B487F5E00B69769 /* MovieTrackerApp.swift in Sources */,
				10FC7B592B48856300D5247E /* PopularMoviesView.swift in Sources */,
				10FC7B612B4885DF00D5247E /* TVSeriesOnAirView.swift in Sources */,
				A10693C72B488D39009E5843 /* PopularTVSeriesViewModel.swift in Sources */,
				10FC7B5F2B4885C500D5247E /* MoviesInCinemaView.swift in Sources */,
				10FC7B5B2B48858500D5247E /* PopularPersonsView.swift in Sources */,
				10FC7B5D2B4885A700D5247E /* PopularTVSeriesView.swift in Sources */,
				A10693C92B489E8F009E5843 /* PopularTVSeriesGridItemComponentView.swift in Sources */,
				A10693C52B488C92009E5843 /* PopularTVSeriesModel.swift in Sources */,
			);
			runOnlyForDeploymentPostprocessing = 0;
		};
/* End PBXSourcesBuildPhase section */

/* Begin XCBuildConfiguration section */
		101613302B487F5E00B69769 /* Debug */ = {
			isa = XCBuildConfiguration;
			buildSettings = {
				ALWAYS_SEARCH_USER_PATHS = NO;
				ASSETCATALOG_COMPILER_GENERATE_SWIFT_ASSET_SYMBOL_EXTENSIONS = YES;
				CLANG_ANALYZER_NONNULL = YES;
				CLANG_ANALYZER_NUMBER_OBJECT_CONVERSION = YES_AGGRESSIVE;
				CLANG_CXX_LANGUAGE_STANDARD = "gnu++20";
				CLANG_ENABLE_MODULES = YES;
				CLANG_ENABLE_OBJC_ARC = YES;
				CLANG_ENABLE_OBJC_WEAK = YES;
				CLANG_WARN_BLOCK_CAPTURE_AUTORELEASING = YES;
				CLANG_WARN_BOOL_CONVERSION = YES;
				CLANG_WARN_COMMA = YES;
				CLANG_WARN_CONSTANT_CONVERSION = YES;
				CLANG_WARN_DEPRECATED_OBJC_IMPLEMENTATIONS = YES;
				CLANG_WARN_DIRECT_OBJC_ISA_USAGE = YES_ERROR;
				CLANG_WARN_DOCUMENTATION_COMMENTS = YES;
				CLANG_WARN_EMPTY_BODY = YES;
				CLANG_WARN_ENUM_CONVERSION = YES;
				CLANG_WARN_INFINITE_RECURSION = YES;
				CLANG_WARN_INT_CONVERSION = YES;
				CLANG_WARN_NON_LITERAL_NULL_CONVERSION = YES;
				CLANG_WARN_OBJC_IMPLICIT_RETAIN_SELF = YES;
				CLANG_WARN_OBJC_LITERAL_CONVERSION = YES;
				CLANG_WARN_OBJC_ROOT_CLASS = YES_ERROR;
				CLANG_WARN_QUOTED_INCLUDE_IN_FRAMEWORK_HEADER = YES;
				CLANG_WARN_RANGE_LOOP_ANALYSIS = YES;
				CLANG_WARN_STRICT_PROTOTYPES = YES;
				CLANG_WARN_SUSPICIOUS_MOVE = YES;
				CLANG_WARN_UNGUARDED_AVAILABILITY = YES_AGGRESSIVE;
				CLANG_WARN_UNREACHABLE_CODE = YES;
				CLANG_WARN__DUPLICATE_METHOD_MATCH = YES;
				COPY_PHASE_STRIP = NO;
				DEBUG_INFORMATION_FORMAT = dwarf;
				ENABLE_STRICT_OBJC_MSGSEND = YES;
				ENABLE_TESTABILITY = YES;
				ENABLE_USER_SCRIPT_SANDBOXING = YES;
				GCC_C_LANGUAGE_STANDARD = gnu17;
				GCC_DYNAMIC_NO_PIC = NO;
				GCC_NO_COMMON_BLOCKS = YES;
				GCC_OPTIMIZATION_LEVEL = 0;
				GCC_PREPROCESSOR_DEFINITIONS = (
					"DEBUG=1",
					"$(inherited)",
				);
				GCC_WARN_64_TO_32_BIT_CONVERSION = YES;
				GCC_WARN_ABOUT_RETURN_TYPE = YES_ERROR;
				GCC_WARN_UNDECLARED_SELECTOR = YES;
				GCC_WARN_UNINITIALIZED_AUTOS = YES_AGGRESSIVE;
				GCC_WARN_UNUSED_FUNCTION = YES;
				GCC_WARN_UNUSED_VARIABLE = YES;
				IPHONEOS_DEPLOYMENT_TARGET = 17.0;
				LOCALIZATION_PREFERS_STRING_CATALOGS = YES;
				MTL_ENABLE_DEBUG_INFO = INCLUDE_SOURCE;
				MTL_FAST_MATH = YES;
				ONLY_ACTIVE_ARCH = YES;
				SDKROOT = iphoneos;
				SWIFT_ACTIVE_COMPILATION_CONDITIONS = "DEBUG $(inherited)";
				SWIFT_OPTIMIZATION_LEVEL = "-Onone";
			};
			name = Debug;
		};
		101613312B487F5E00B69769 /* Release */ = {
			isa = XCBuildConfiguration;
			buildSettings = {
				ALWAYS_SEARCH_USER_PATHS = NO;
				ASSETCATALOG_COMPILER_GENERATE_SWIFT_ASSET_SYMBOL_EXTENSIONS = YES;
				CLANG_ANALYZER_NONNULL = YES;
				CLANG_ANALYZER_NUMBER_OBJECT_CONVERSION = YES_AGGRESSIVE;
				CLANG_CXX_LANGUAGE_STANDARD = "gnu++20";
				CLANG_ENABLE_MODULES = YES;
				CLANG_ENABLE_OBJC_ARC = YES;
				CLANG_ENABLE_OBJC_WEAK = YES;
				CLANG_WARN_BLOCK_CAPTURE_AUTORELEASING = YES;
				CLANG_WARN_BOOL_CONVERSION = YES;
				CLANG_WARN_COMMA = YES;
				CLANG_WARN_CONSTANT_CONVERSION = YES;
				CLANG_WARN_DEPRECATED_OBJC_IMPLEMENTATIONS = YES;
				CLANG_WARN_DIRECT_OBJC_ISA_USAGE = YES_ERROR;
				CLANG_WARN_DOCUMENTATION_COMMENTS = YES;
				CLANG_WARN_EMPTY_BODY = YES;
				CLANG_WARN_ENUM_CONVERSION = YES;
				CLANG_WARN_INFINITE_RECURSION = YES;
				CLANG_WARN_INT_CONVERSION = YES;
				CLANG_WARN_NON_LITERAL_NULL_CONVERSION = YES;
				CLANG_WARN_OBJC_IMPLICIT_RETAIN_SELF = YES;
				CLANG_WARN_OBJC_LITERAL_CONVERSION = YES;
				CLANG_WARN_OBJC_ROOT_CLASS = YES_ERROR;
				CLANG_WARN_QUOTED_INCLUDE_IN_FRAMEWORK_HEADER = YES;
				CLANG_WARN_RANGE_LOOP_ANALYSIS = YES;
				CLANG_WARN_STRICT_PROTOTYPES = YES;
				CLANG_WARN_SUSPICIOUS_MOVE = YES;
				CLANG_WARN_UNGUARDED_AVAILABILITY = YES_AGGRESSIVE;
				CLANG_WARN_UNREACHABLE_CODE = YES;
				CLANG_WARN__DUPLICATE_METHOD_MATCH = YES;
				COPY_PHASE_STRIP = NO;
				DEBUG_INFORMATION_FORMAT = "dwarf-with-dsym";
				ENABLE_NS_ASSERTIONS = NO;
				ENABLE_STRICT_OBJC_MSGSEND = YES;
				ENABLE_USER_SCRIPT_SANDBOXING = YES;
				GCC_C_LANGUAGE_STANDARD = gnu17;
				GCC_NO_COMMON_BLOCKS = YES;
				GCC_WARN_64_TO_32_BIT_CONVERSION = YES;
				GCC_WARN_ABOUT_RETURN_TYPE = YES_ERROR;
				GCC_WARN_UNDECLARED_SELECTOR = YES;
				GCC_WARN_UNINITIALIZED_AUTOS = YES_AGGRESSIVE;
				GCC_WARN_UNUSED_FUNCTION = YES;
				GCC_WARN_UNUSED_VARIABLE = YES;
				IPHONEOS_DEPLOYMENT_TARGET = 17.0;
				LOCALIZATION_PREFERS_STRING_CATALOGS = YES;
				MTL_ENABLE_DEBUG_INFO = NO;
				MTL_FAST_MATH = YES;
				SDKROOT = iphoneos;
				SWIFT_COMPILATION_MODE = wholemodule;
				VALIDATE_PRODUCT = YES;
			};
			name = Release;
		};
		101613332B487F5E00B69769 /* Debug */ = {
			isa = XCBuildConfiguration;
			buildSettings = {
				ASSETCATALOG_COMPILER_APPICON_NAME = AppIcon;
				ASSETCATALOG_COMPILER_GLOBAL_ACCENT_COLOR_NAME = AccentColor;
				CODE_SIGN_STYLE = Automatic;
				CURRENT_PROJECT_VERSION = 1;
				DEVELOPMENT_ASSET_PATHS = "\"MovieTracker/Preview Content\"";
				DEVELOPMENT_TEAM = 87CWSKX54K;
				ENABLE_PREVIEWS = YES;
				GENERATE_INFOPLIST_FILE = YES;
				INFOPLIST_KEY_UIApplicationSceneManifest_Generation = YES;
				INFOPLIST_KEY_UIApplicationSupportsIndirectInputEvents = YES;
				INFOPLIST_KEY_UILaunchScreen_Generation = YES;
				INFOPLIST_KEY_UISupportedInterfaceOrientations_iPad = "UIInterfaceOrientationPortrait UIInterfaceOrientationPortraitUpsideDown UIInterfaceOrientationLandscapeLeft UIInterfaceOrientationLandscapeRight";
				INFOPLIST_KEY_UISupportedInterfaceOrientations_iPhone = "UIInterfaceOrientationPortrait UIInterfaceOrientationLandscapeLeft UIInterfaceOrientationLandscapeRight";
				LD_RUNPATH_SEARCH_PATHS = (
					"$(inherited)",
					"@executable_path/Frameworks",
				);
				MARKETING_VERSION = 1.0;
				PRODUCT_BUNDLE_IDENTIFIER = com.andria.MovieTracker;
				PRODUCT_NAME = "$(TARGET_NAME)";
				SWIFT_EMIT_LOC_STRINGS = YES;
				SWIFT_VERSION = 5.0;
				TARGETED_DEVICE_FAMILY = "1,2";
			};
			name = Debug;
		};
		101613342B487F5E00B69769 /* Release */ = {
			isa = XCBuildConfiguration;
			buildSettings = {
				ASSETCATALOG_COMPILER_APPICON_NAME = AppIcon;
				ASSETCATALOG_COMPILER_GLOBAL_ACCENT_COLOR_NAME = AccentColor;
				CODE_SIGN_STYLE = Automatic;
				CURRENT_PROJECT_VERSION = 1;
				DEVELOPMENT_ASSET_PATHS = "\"MovieTracker/Preview Content\"";
				DEVELOPMENT_TEAM = 87CWSKX54K;
				ENABLE_PREVIEWS = YES;
				GENERATE_INFOPLIST_FILE = YES;
				INFOPLIST_KEY_UIApplicationSceneManifest_Generation = YES;
				INFOPLIST_KEY_UIApplicationSupportsIndirectInputEvents = YES;
				INFOPLIST_KEY_UILaunchScreen_Generation = YES;
				INFOPLIST_KEY_UISupportedInterfaceOrientations_iPad = "UIInterfaceOrientationPortrait UIInterfaceOrientationPortraitUpsideDown UIInterfaceOrientationLandscapeLeft UIInterfaceOrientationLandscapeRight";
				INFOPLIST_KEY_UISupportedInterfaceOrientations_iPhone = "UIInterfaceOrientationPortrait UIInterfaceOrientationLandscapeLeft UIInterfaceOrientationLandscapeRight";
				LD_RUNPATH_SEARCH_PATHS = (
					"$(inherited)",
					"@executable_path/Frameworks",
				);
				MARKETING_VERSION = 1.0;
				PRODUCT_BUNDLE_IDENTIFIER = com.andria.MovieTracker;
				PRODUCT_NAME = "$(TARGET_NAME)";
				SWIFT_EMIT_LOC_STRINGS = YES;
				SWIFT_VERSION = 5.0;
				TARGETED_DEVICE_FAMILY = "1,2";
			};
			name = Release;
		};
/* End XCBuildConfiguration section */

/* Begin XCConfigurationList section */
		1016131F2B487F5E00B69769 /* Build configuration list for PBXProject "MovieTracker" */ = {
			isa = XCConfigurationList;
			buildConfigurations = (
				101613302B487F5E00B69769 /* Debug */,
				101613312B487F5E00B69769 /* Release */,
			);
			defaultConfigurationIsVisible = 0;
			defaultConfigurationName = Release;
		};
		101613322B487F5E00B69769 /* Build configuration list for PBXNativeTarget "MovieTracker" */ = {
			isa = XCConfigurationList;
			buildConfigurations = (
				101613332B487F5E00B69769 /* Debug */,
				101613342B487F5E00B69769 /* Release */,
			);
			defaultConfigurationIsVisible = 0;
			defaultConfigurationName = Release;
		};
/* End XCConfigurationList section */

/* Begin XCRemoteSwiftPackageReference section */
		10FC7B642B48861F00D5247E /* XCRemoteSwiftPackageReference "NetworkManager" */ = {
			isa = XCRemoteSwiftPackageReference;
			repositoryURL = "https://github.com/Andria35/NetworkManager.git";
			requirement = {
				branch = main;
				kind = branch;
			};
		};
/* End XCRemoteSwiftPackageReference section */

/* Begin XCSwiftPackageProductDependency section */
		10FC7B652B48861F00D5247E /* NetworkManager */ = {
			isa = XCSwiftPackageProductDependency;
			package = 10FC7B642B48861F00D5247E /* XCRemoteSwiftPackageReference "NetworkManager" */;
			productName = NetworkManager;
		};
/* End XCSwiftPackageProductDependency section */
	};
	rootObject = 1016131C2B487F5E00B69769 /* Project object */;
}
